
Microsoft Visual Studio Solution File, Format Version 12.00
# Visual Studio Version 17
VisualStudioVersion = 17.9.34607.119
MinimumVisualStudioVersion = 10.0.40219.1
Project("{9A19103F-16F7-4668-BE54-9A1E7A4F7556}") = "XComStreamApp", "XComStreamApp\XComStreamApp.csproj", "{AF735B23-AE53-4D04-925B-6279C62B7FBF}"
EndProject
Global
	GlobalSection(SolutionConfigurationPlatforms) = preSolution
		Debug|Any CPU = Debug|Any CPU
		Release|Any CPU = Release|Any CPU
	EndGlobalSection
	GlobalSection(ProjectConfigurationPlatforms) = postSolution
		{AF735B23-AE53-4D04-925B-6279C62B7FBF}.Debug|Any CPU.ActiveCfg = Debug|Any CPU
		{AF735B23-AE53-4D04-925B-6279C62B7FBF}.Debug|Any CPU.Build.0 = Debug|Any CPU
		{AF735B23-AE53-4D04-925B-6279C62B7FBF}.Release|Any CPU.ActiveCfg = Release|Any CPU
		{AF735B23-AE53-4D04-925B-6279C62B7FBF}.Release|Any CPU.Build.0 = Release|Any CPU
	EndGlobalSection
	GlobalSection(SolutionProperties) = preSolution
		HideSolutionNode = FALSE
	EndGlobalSection
	GlobalSection(ExtensibilityGlobals) = postSolution
		SolutionGuid = {7F7D97E3-7628-44A4-9803-4A3EF26A69B1}
	EndGlobalSection
EndGlobal
